
Microsoft Visual Studio Solution File, Format Version 12.00
# Visual Studio Version 16
VisualStudioVersion = 16.0.29215.179
MinimumVisualStudioVersion = 10.0.40219.1
Project("{FAE04EC0-301F-11D3-BF4B-00C04F79EFBC}") = "Boxer", "Boxer\Boxer.csproj", "{50D33AEF-1DE6-4608-BF1C-334D4B69F230}"
EndProject
Global
	GlobalSection(SolutionConfigurationPlatforms) = preSolution
		Debug|Any CPU = Debug|Any CPU
		Release|Any CPU = Release|Any CPU
	EndGlobalSection
	GlobalSection(ProjectConfigurationPlatforms) = postSolution
		{50D33AEF-1DE6-4608-BF1C-334D4B69F230}.Debug|Any CPU.ActiveCfg = Debug|Any CPU
		{50D33AEF-1DE6-4608-BF1C-334D4B69F230}.Debug|Any CPU.Build.0 = Debug|Any CPU
		{50D33AEF-1DE6-4608-BF1C-334D4B69F230}.Release|Any CPU.ActiveCfg = Release|Any CPU
		{50D33AEF-1DE6-4608-BF1C-334D4B69F230}.Release|Any CPU.Build.0 = Release|Any CPU
	EndGlobalSection
	GlobalSection(SolutionProperties) = preSolution
		HideSolutionNode = FALSE
	EndGlobalSection
	GlobalSection(ExtensibilityGlobals) = postSolution
		SolutionGuid = {23C0090C-68EF-4B1C-BB84-DAD7114AB2C8}
	EndGlobalSection
EndGlobal
