
Microsoft Visual Studio Solution File, Format Version 12.00
# Visual Studio Version 16
VisualStudioVersion = 16.0.29215.179
MinimumVisualStudioVersion = 10.0.40219.1
Project("{9A19103F-16F7-4668-BE54-9A1E7A4F7556}") = "Boxer", "Boxer\Boxer.csproj", "{50D33AEF-1DE6-4608-BF1C-334D4B69F230}"
EndProject
Project("{FAE04EC0-301F-11D3-BF4B-00C04F79EFBC}") = "TasksAndState", "TasksAndState\TasksAndState.csproj", "{74DD066F-DC49-4409-A864-86CE07BEBC42}"
EndProject
Project("{FAE04EC0-301F-11D3-BF4B-00C04F79EFBC}") = "LINQ", "LINQ\LINQ.csproj", "{7F3A69A6-DC8D-45A6-9D11-27848A9DDCEB}"
EndProject
Global
	GlobalSection(SolutionConfigurationPlatforms) = preSolution
		Debug|Any CPU = Debug|Any CPU
		Release|Any CPU = Release|Any CPU
	EndGlobalSection
	GlobalSection(ProjectConfigurationPlatforms) = postSolution
		{50D33AEF-1DE6-4608-BF1C-334D4B69F230}.Debug|Any CPU.ActiveCfg = Debug|Any CPU
		{50D33AEF-1DE6-4608-BF1C-334D4B69F230}.Debug|Any CPU.Build.0 = Debug|Any CPU
		{50D33AEF-1DE6-4608-BF1C-334D4B69F230}.Release|Any CPU.ActiveCfg = Release|Any CPU
		{50D33AEF-1DE6-4608-BF1C-334D4B69F230}.Release|Any CPU.Build.0 = Release|Any CPU
		{74DD066F-DC49-4409-A864-86CE07BEBC42}.Debug|Any CPU.ActiveCfg = Debug|Any CPU
		{74DD066F-DC49-4409-A864-86CE07BEBC42}.Debug|Any CPU.Build.0 = Debug|Any CPU
		{74DD066F-DC49-4409-A864-86CE07BEBC42}.Release|Any CPU.ActiveCfg = Release|Any CPU
		{74DD066F-DC49-4409-A864-86CE07BEBC42}.Release|Any CPU.Build.0 = Release|Any CPU
		{7F3A69A6-DC8D-45A6-9D11-27848A9DDCEB}.Debug|Any CPU.ActiveCfg = Debug|Any CPU
		{7F3A69A6-DC8D-45A6-9D11-27848A9DDCEB}.Debug|Any CPU.Build.0 = Debug|Any CPU
		{7F3A69A6-DC8D-45A6-9D11-27848A9DDCEB}.Release|Any CPU.ActiveCfg = Release|Any CPU
		{7F3A69A6-DC8D-45A6-9D11-27848A9DDCEB}.Release|Any CPU.Build.0 = Release|Any CPU
	EndGlobalSection
	GlobalSection(SolutionProperties) = preSolution
		HideSolutionNode = FALSE
	EndGlobalSection
	GlobalSection(ExtensibilityGlobals) = postSolution
		SolutionGuid = {23C0090C-68EF-4B1C-BB84-DAD7114AB2C8}
	EndGlobalSection
EndGlobal
